{
    "_readme": [
        "This file locks the dependencies of your project to a known state",
        "Read more about it at https://getcomposer.org/doc/01-basic-usage.md#composer-lock-the-lock-file",
        "This file is @generated automatically"
    ],
    "hash": "c8c184ecb7879734139e5a24e615b21a",
    "content-hash": "413711d0000094e8296226d90cdc45cf",
    "packages": [
        {
            "name": "braga/tools",
            "version": "2.0.0",
            "source": {
                "type": "svn",
                "url": "https://svn.code.sf.net/p/braga/code/tools",
                "reference": "/tags/2.0.0/@75"
            },
            "require": {
                "php": ">=5.4"
            },
            "type": "library",
            "autoload": {
                "psr-4": {
                    "braga\\tools\\": "src"
                },
                "files": [
                    "src/tools/tools.php"
                ]
            },
            "notification-url": "https://packagist.org/downloads/",
            "license": [
                "MIT"
            ],
            "description": "Many difrent tools lib",
            "keywords": [
                "libs",
                "tools"
            ],
            "time": "2016-09-07 19:18:02"
        }
    ],
    "packages-dev": [],
    "aliases": [],
    "minimum-stability": "stable",
    "stability-flags": [],
    "prefer-stable": false,
    "prefer-lowest": false,
    "platform": {
        "php": ">=5.4.0"
    },
    "platform-dev": []
}
